
Microsoft Visual Studio Solution File, Format Version 12.00
# Visual Studio Version 17
VisualStudioVersion = 17.9.34622.214
MinimumVisualStudioVersion = 10.0.40219.1
Project("{FAE04EC0-301F-11D3-BF4B-00C04F79EFBC}") = "MerceariaMVC", "MerceariaMVC\MerceariaMVC.csproj", "{E6666D05-9EDE-48AB-9F33-70B9F293CACE}"
EndProject
Project("{FAE04EC0-301F-11D3-BF4B-00C04F79EFBC}") = "MerceariaMVCTests", "MerceariaMVCTests\MerceariaMVCTests.csproj", "{C34B5D04-129C-4663-A5E8-32A432E60C56}"
EndProject
Global
	GlobalSection(SolutionConfigurationPlatforms) = preSolution
		Debug|Any CPU = Debug|Any CPU
		Release|Any CPU = Release|Any CPU
	EndGlobalSection
	GlobalSection(ProjectConfigurationPlatforms) = postSolution
		{E6666D05-9EDE-48AB-9F33-70B9F293CACE}.Debug|Any CPU.ActiveCfg = Debug|Any CPU
		{E6666D05-9EDE-48AB-9F33-70B9F293CACE}.Debug|Any CPU.Build.0 = Debug|Any CPU
		{E6666D05-9EDE-48AB-9F33-70B9F293CACE}.Release|Any CPU.ActiveCfg = Release|Any CPU
		{E6666D05-9EDE-48AB-9F33-70B9F293CACE}.Release|Any CPU.Build.0 = Release|Any CPU
		{C34B5D04-129C-4663-A5E8-32A432E60C56}.Debug|Any CPU.ActiveCfg = Debug|Any CPU
		{C34B5D04-129C-4663-A5E8-32A432E60C56}.Debug|Any CPU.Build.0 = Debug|Any CPU
		{C34B5D04-129C-4663-A5E8-32A432E60C56}.Release|Any CPU.ActiveCfg = Release|Any CPU
		{C34B5D04-129C-4663-A5E8-32A432E60C56}.Release|Any CPU.Build.0 = Release|Any CPU
	EndGlobalSection
	GlobalSection(SolutionProperties) = preSolution
		HideSolutionNode = FALSE
	EndGlobalSection
	GlobalSection(ExtensibilityGlobals) = postSolution
		SolutionGuid = {3E1445B2-5F65-4C6D-8C31-2EAEF9ACB598}
	EndGlobalSection
EndGlobal
